
Microsoft Visual Studio Solution File, Format Version 12.00
# Visual Studio Version 17
VisualStudioVersion = 17.5.33530.505
MinimumVisualStudioVersion = 10.0.40219.1
Project("{FAE04EC0-301F-11D3-BF4B-00C04F79EFBC}") = "AddPanel", "AddPanel\AddPanel.csproj", "{6D00200B-85FB-4121-A5BC-F84343044BFC}"
EndProject
Project("{FAE04EC0-301F-11D3-BF4B-00C04F79EFBC}") = "WpfPanel", "WpfPanel\WpfPanel.csproj", "{3A4394B0-E544-4AF5-8CE4-36F0201657F4}"
EndProject
Project("{FAE04EC0-301F-11D3-BF4B-00C04F79EFBC}") = "DockableDialogs", "DockableDialogs\DockableDialogs.csproj", "{1DDDFD5F-EADB-4697-8EF8-5F2F3F008912}"
EndProject
Global
	GlobalSection(SolutionConfigurationPlatforms) = preSolution
		Debug|Any CPU = Debug|Any CPU
		Release|Any CPU = Release|Any CPU
	EndGlobalSection
	GlobalSection(ProjectConfigurationPlatforms) = postSolution
		{6D00200B-85FB-4121-A5BC-F84343044BFC}.Debug|Any CPU.ActiveCfg = Debug|Any CPU
		{6D00200B-85FB-4121-A5BC-F84343044BFC}.Debug|Any CPU.Build.0 = Debug|Any CPU
		{6D00200B-85FB-4121-A5BC-F84343044BFC}.Release|Any CPU.ActiveCfg = Release|Any CPU
		{6D00200B-85FB-4121-A5BC-F84343044BFC}.Release|Any CPU.Build.0 = Release|Any CPU
		{3A4394B0-E544-4AF5-8CE4-36F0201657F4}.Debug|Any CPU.ActiveCfg = Debug|Any CPU
		{3A4394B0-E544-4AF5-8CE4-36F0201657F4}.Debug|Any CPU.Build.0 = Debug|Any CPU
		{3A4394B0-E544-4AF5-8CE4-36F0201657F4}.Release|Any CPU.ActiveCfg = Release|Any CPU
		{3A4394B0-E544-4AF5-8CE4-36F0201657F4}.Release|Any CPU.Build.0 = Release|Any CPU
		{1DDDFD5F-EADB-4697-8EF8-5F2F3F008912}.Debug|Any CPU.ActiveCfg = Debug|Any CPU
		{1DDDFD5F-EADB-4697-8EF8-5F2F3F008912}.Debug|Any CPU.Build.0 = Debug|Any CPU
		{1DDDFD5F-EADB-4697-8EF8-5F2F3F008912}.Release|Any CPU.ActiveCfg = Release|Any CPU
		{1DDDFD5F-EADB-4697-8EF8-5F2F3F008912}.Release|Any CPU.Build.0 = Release|Any CPU
	EndGlobalSection
	GlobalSection(SolutionProperties) = preSolution
		HideSolutionNode = FALSE
	EndGlobalSection
	GlobalSection(ExtensibilityGlobals) = postSolution
		SolutionGuid = {ECA9482E-01E0-4F47-855F-EB46F57E6B0F}
	EndGlobalSection
EndGlobal
