
Microsoft Visual Studio Solution File, Format Version 12.00
# Visual Studio Version 17
VisualStudioVersion = 17.5.33530.505
MinimumVisualStudioVersion = 10.0.40219.1
Project("{FAE04EC0-301F-11D3-BF4B-00C04F79EFBC}") = "ApartmentPanel", "ApartmentPanel\ApartmentPanel.csproj", "{CCE7A823-8767-40A3-9BC3-78A1EE3AD782}"
EndProject
Project("{FAE04EC0-301F-11D3-BF4B-00C04F79EFBC}") = "WpfTest", "WpfTest\WpfTest.csproj", "{044F5880-2CD1-4814-A137-A94F8C558FB5}"
EndProject
Project("{FAE04EC0-301F-11D3-BF4B-00C04F79EFBC}") = "RevitTest", "RevitTest\RevitTest.csproj", "{5BF648C3-A286-4822-84B8-40B21D86D166}"
EndProject
Project("{FAE04EC0-301F-11D3-BF4B-00C04F79EFBC}") = "Utility", "Utility\Utility.csproj", "{56A58163-B31A-4C93-B3D4-32DCFB7A2556}"
EndProject
Project("{54435603-DBB4-11D2-8724-00A0C9A8B90C}") = "ApartmentPanelInstaller", "ApartmentPanelInstaller\ApartmentPanelInstaller.vdproj", "{5B4EF1DB-9732-40FF-9570-C89DE8371EF0}"
EndProject
Global
	GlobalSection(SolutionConfigurationPlatforms) = preSolution
		Debug|Any CPU = Debug|Any CPU
		Debug|x64 = Debug|x64
		Release|Any CPU = Release|Any CPU
		Release|x64 = Release|x64
	EndGlobalSection
	GlobalSection(ProjectConfigurationPlatforms) = postSolution
		{CCE7A823-8767-40A3-9BC3-78A1EE3AD782}.Debug|Any CPU.ActiveCfg = Debug|Any CPU
		{CCE7A823-8767-40A3-9BC3-78A1EE3AD782}.Debug|Any CPU.Build.0 = Debug|Any CPU
		{CCE7A823-8767-40A3-9BC3-78A1EE3AD782}.Debug|x64.ActiveCfg = Release|Any CPU
		{CCE7A823-8767-40A3-9BC3-78A1EE3AD782}.Debug|x64.Build.0 = Release|Any CPU
		{CCE7A823-8767-40A3-9BC3-78A1EE3AD782}.Release|Any CPU.ActiveCfg = Release|Any CPU
		{CCE7A823-8767-40A3-9BC3-78A1EE3AD782}.Release|Any CPU.Build.0 = Release|Any CPU
		{CCE7A823-8767-40A3-9BC3-78A1EE3AD782}.Release|x64.ActiveCfg = Release|Any CPU
		{CCE7A823-8767-40A3-9BC3-78A1EE3AD782}.Release|x64.Build.0 = Release|Any CPU
		{044F5880-2CD1-4814-A137-A94F8C558FB5}.Debug|Any CPU.ActiveCfg = Debug|Any CPU
		{044F5880-2CD1-4814-A137-A94F8C558FB5}.Debug|Any CPU.Build.0 = Debug|Any CPU
		{044F5880-2CD1-4814-A137-A94F8C558FB5}.Debug|x64.ActiveCfg = Debug|Any CPU
		{044F5880-2CD1-4814-A137-A94F8C558FB5}.Release|Any CPU.ActiveCfg = Release|Any CPU
		{044F5880-2CD1-4814-A137-A94F8C558FB5}.Release|Any CPU.Build.0 = Release|Any CPU
		{044F5880-2CD1-4814-A137-A94F8C558FB5}.Release|x64.ActiveCfg = Release|Any CPU
		{044F5880-2CD1-4814-A137-A94F8C558FB5}.Release|x64.Build.0 = Release|Any CPU
		{5BF648C3-A286-4822-84B8-40B21D86D166}.Debug|Any CPU.ActiveCfg = Debug|Any CPU
		{5BF648C3-A286-4822-84B8-40B21D86D166}.Debug|Any CPU.Build.0 = Debug|Any CPU
		{5BF648C3-A286-4822-84B8-40B21D86D166}.Debug|x64.ActiveCfg = Debug|Any CPU
		{5BF648C3-A286-4822-84B8-40B21D86D166}.Release|Any CPU.ActiveCfg = Release|Any CPU
		{5BF648C3-A286-4822-84B8-40B21D86D166}.Release|Any CPU.Build.0 = Release|Any CPU
		{5BF648C3-A286-4822-84B8-40B21D86D166}.Release|x64.ActiveCfg = Release|Any CPU
		{5BF648C3-A286-4822-84B8-40B21D86D166}.Release|x64.Build.0 = Release|Any CPU
		{56A58163-B31A-4C93-B3D4-32DCFB7A2556}.Debug|Any CPU.ActiveCfg = Debug|Any CPU
		{56A58163-B31A-4C93-B3D4-32DCFB7A2556}.Debug|Any CPU.Build.0 = Debug|Any CPU
		{56A58163-B31A-4C93-B3D4-32DCFB7A2556}.Debug|x64.ActiveCfg = Debug|Any CPU
		{56A58163-B31A-4C93-B3D4-32DCFB7A2556}.Release|Any CPU.ActiveCfg = Release|Any CPU
		{56A58163-B31A-4C93-B3D4-32DCFB7A2556}.Release|Any CPU.Build.0 = Release|Any CPU
		{56A58163-B31A-4C93-B3D4-32DCFB7A2556}.Release|x64.ActiveCfg = Release|Any CPU
		{56A58163-B31A-4C93-B3D4-32DCFB7A2556}.Release|x64.Build.0 = Release|Any CPU
		{5B4EF1DB-9732-40FF-9570-C89DE8371EF0}.Debug|Any CPU.ActiveCfg = Debug
		{5B4EF1DB-9732-40FF-9570-C89DE8371EF0}.Debug|x64.ActiveCfg = Debug
		{5B4EF1DB-9732-40FF-9570-C89DE8371EF0}.Release|Any CPU.ActiveCfg = Release
		{5B4EF1DB-9732-40FF-9570-C89DE8371EF0}.Release|x64.ActiveCfg = Release
	EndGlobalSection
	GlobalSection(SolutionProperties) = preSolution
		HideSolutionNode = FALSE
	EndGlobalSection
	GlobalSection(ExtensibilityGlobals) = postSolution
		SolutionGuid = {ECA9482E-01E0-4F47-855F-EB46F57E6B0F}
	EndGlobalSection
EndGlobal
