
Microsoft Visual Studio Solution File, Format Version 12.00
# Visual Studio Version 17
VisualStudioVersion = 17.5.33530.505
MinimumVisualStudioVersion = 10.0.40219.1
Project("{FAE04EC0-301F-11D3-BF4B-00C04F79EFBC}") = "WpfPanel", "WpfPanel\WpfPanel.csproj", "{3A4394B0-E544-4AF5-8CE4-36F0201657F4}"
EndProject
Project("{FAE04EC0-301F-11D3-BF4B-00C04F79EFBC}") = "ApartmentPanel", "ApartmentPanel\ApartmentPanel.csproj", "{1DDDFD5F-EADB-4697-8EF8-5F2F3F008912}"
EndProject
Project("{54435603-DBB4-11D2-8724-00A0C9A8B90C}") = "ApartmentPanelInstaller", "ApartmentPanelInstaller\ApartmentPanelInstaller.vdproj", "{F6A567BD-798D-4C33-A53E-D2243EBDC1F2}"
EndProject
Global
	GlobalSection(SolutionConfigurationPlatforms) = preSolution
		Debug|Any CPU = Debug|Any CPU
		Debug|x64 = Debug|x64
		Release|Any CPU = Release|Any CPU
		Release|x64 = Release|x64
	EndGlobalSection
	GlobalSection(ProjectConfigurationPlatforms) = postSolution
		{3A4394B0-E544-4AF5-8CE4-36F0201657F4}.Debug|Any CPU.ActiveCfg = Debug|Any CPU
		{3A4394B0-E544-4AF5-8CE4-36F0201657F4}.Debug|Any CPU.Build.0 = Debug|Any CPU
		{3A4394B0-E544-4AF5-8CE4-36F0201657F4}.Debug|x64.ActiveCfg = Debug|Any CPU
		{3A4394B0-E544-4AF5-8CE4-36F0201657F4}.Debug|x64.Build.0 = Debug|Any CPU
		{3A4394B0-E544-4AF5-8CE4-36F0201657F4}.Release|Any CPU.ActiveCfg = Release|Any CPU
		{3A4394B0-E544-4AF5-8CE4-36F0201657F4}.Release|Any CPU.Build.0 = Release|Any CPU
		{3A4394B0-E544-4AF5-8CE4-36F0201657F4}.Release|x64.ActiveCfg = Release|Any CPU
		{3A4394B0-E544-4AF5-8CE4-36F0201657F4}.Release|x64.Build.0 = Release|Any CPU
		{1DDDFD5F-EADB-4697-8EF8-5F2F3F008912}.Debug|Any CPU.ActiveCfg = Debug|Any CPU
		{1DDDFD5F-EADB-4697-8EF8-5F2F3F008912}.Debug|Any CPU.Build.0 = Debug|Any CPU
		{1DDDFD5F-EADB-4697-8EF8-5F2F3F008912}.Debug|x64.ActiveCfg = Debug|Any CPU
		{1DDDFD5F-EADB-4697-8EF8-5F2F3F008912}.Debug|x64.Build.0 = Debug|Any CPU
		{1DDDFD5F-EADB-4697-8EF8-5F2F3F008912}.Release|Any CPU.ActiveCfg = Release|Any CPU
		{1DDDFD5F-EADB-4697-8EF8-5F2F3F008912}.Release|Any CPU.Build.0 = Release|Any CPU
		{1DDDFD5F-EADB-4697-8EF8-5F2F3F008912}.Release|x64.ActiveCfg = Release|Any CPU
		{1DDDFD5F-EADB-4697-8EF8-5F2F3F008912}.Release|x64.Build.0 = Release|Any CPU
		{F6A567BD-798D-4C33-A53E-D2243EBDC1F2}.Debug|Any CPU.ActiveCfg = Debug
		{F6A567BD-798D-4C33-A53E-D2243EBDC1F2}.Debug|x64.ActiveCfg = Debug
		{F6A567BD-798D-4C33-A53E-D2243EBDC1F2}.Release|Any CPU.ActiveCfg = Release
		{F6A567BD-798D-4C33-A53E-D2243EBDC1F2}.Release|x64.ActiveCfg = Release
	EndGlobalSection
	GlobalSection(SolutionProperties) = preSolution
		HideSolutionNode = FALSE
	EndGlobalSection
	GlobalSection(ExtensibilityGlobals) = postSolution
		SolutionGuid = {ECA9482E-01E0-4F47-855F-EB46F57E6B0F}
	EndGlobalSection
EndGlobal
